Microsoft Visual Studio Solution File, Format Version 12.00
# Visual Studio Version 17
VisualStudioVersion = 17.0.31903.59
MinimumVisualStudioVersion = 10.0.40219.1
Project("{FAE04EC0-301F-11D3-BF4B-00C04F79EFBC}") = "HQ3dmConverter.Core", "src\HQ3dmConverter.Core\HQ3dmConverter.Core.csproj", "{47B74E6F-1E58-4C6E-B75F-C4B64330FC7A}"
EndProject
Project("{FAE04EC0-301F-11D3-BF4B-00C04F79EFBC}") = "HQ3dmConverter.Cli", "src\HQ3dmConverter.Cli\HQ3dmConverter.Cli.csproj", "{98BBE9DD-B10C-471B-BA64-0E57F680F95B}"
EndProject
Project("{FAE04EC0-301F-11D3-BF4B-00C04F79EFBC}") = "HQ3dmConverter.Core.Tests", "tests\HQ3dmConverter.Core.Tests\HQ3dmConverter.Core.Tests.csproj", "{235E6A67-411D-4751-A769-1FC55213E5F8}"
EndProject
Project("{2150E333-8FDC-42A3-9474-1A3956D46DE8}") = "src", "src", "{A2A04499-EF88-456C-B67B-9394110626DC}"
EndProject
Project("{FAE04EC0-301F-11D3-BF4B-00C04F79EFBC}") = "HQ3dmConverter.Wpf", "src\HQ3dmConverter.Wpf\HQ3dmConverter.Wpf.csproj", "{ED4C0737-92F3-403E-B54D-B1A80163C232}"
EndProject
Global
	GlobalSection(SolutionConfigurationPlatforms) = preSolution
		Debug|Any CPU = Debug|Any CPU
		Release|Any CPU = Release|Any CPU
	EndGlobalSection
	GlobalSection(ProjectConfigurationPlatforms) = postSolution
		{47B74E6F-1E58-4C6E-B75F-C4B64330FC7A}.Debug|Any CPU.ActiveCfg = Debug|Any CPU
		{47B74E6F-1E58-4C6E-B75F-C4B64330FC7A}.Debug|Any CPU.Build.0 = Debug|Any CPU
		{47B74E6F-1E58-4C6E-B75F-C4B64330FC7A}.Release|Any CPU.ActiveCfg = Release|Any CPU
		{47B74E6F-1E58-4C6E-B75F-C4B64330FC7A}.Release|Any CPU.Build.0 = Release|Any CPU
		{98BBE9DD-B10C-471B-BA64-0E57F680F95B}.Debug|Any CPU.ActiveCfg = Debug|Any CPU
		{98BBE9DD-B10C-471B-BA64-0E57F680F95B}.Debug|Any CPU.Build.0 = Debug|Any CPU
		{98BBE9DD-B10C-471B-BA64-0E57F680F95B}.Release|Any CPU.ActiveCfg = Release|Any CPU
		{98BBE9DD-B10C-471B-BA64-0E57F680F95B}.Release|Any CPU.Build.0 = Release|Any CPU
		{235E6A67-411D-4751-A769-1FC55213E5F8}.Debug|Any CPU.ActiveCfg = Debug|Any CPU
		{235E6A67-411D-4751-A769-1FC55213E5F8}.Debug|Any CPU.Build.0 = Debug|Any CPU
		{235E6A67-411D-4751-A769-1FC55213E5F8}.Release|Any CPU.ActiveCfg = Release|Any CPU
		{235E6A67-411D-4751-A769-1FC55213E5F8}.Release|Any CPU.Build.0 = Release|Any CPU
		{ED4C0737-92F3-403E-B54D-B1A80163C232}.Debug|Any CPU.ActiveCfg = Debug|Any CPU
		{ED4C0737-92F3-403E-B54D-B1A80163C232}.Debug|Any CPU.Build.0 = Debug|Any CPU
		{ED4C0737-92F3-403E-B54D-B1A80163C232}.Release|Any CPU.ActiveCfg = Release|Any CPU
		{ED4C0737-92F3-403E-B54D-B1A80163C232}.Release|Any CPU.Build.0 = Release|Any CPU
	EndGlobalSection
	GlobalSection(NestedProjects) = preSolution
		{ED4C0737-92F3-403E-B54D-B1A80163C232} = {A2A04499-EF88-456C-B67B-9394110626DC}
	EndGlobalSection
EndGlobal
